
Microsoft Visual Studio Solution File, Format Version 12.00
# Visual Studio 2013
VisualStudioVersion = 12.0.30501.0
MinimumVisualStudioVersion = 10.0.40219.1
Project("{8BC9CEB8-8B4A-11D0-8D11-00A0C91BC942}") = "Study_01st", "Study_01st\Study_01st.vcxproj", "{76D62030-5F4F-4874-86ED-3C25837D0030}"
EndProject
Project("{2150E333-8FDC-42A3-9474-1A3956D46DE8}") = "1. Study", "1. Study", "{A919A948-F578-4D32-ADC8-B7BF6EBF1CC8}"
EndProject
Project("{2150E333-8FDC-42A3-9474-1A3956D46DE8}") = "2. Homework", "2. Homework", "{F8433C1A-CA30-4736-9C43-8071A8F7536A}"
EndProject
Project("{8BC9CEB8-8B4A-11D0-8D11-00A0C91BC942}") = "Homework_01st_Week_01st", "Homework_01st_Week_01st\Homework_01st_Week_01st.vcxproj", "{8D4EB08E-AA62-4312-BB74-1C8821639246}"
EndProject
Project("{2150E333-8FDC-42A3-9474-1A3956D46DE8}") = "1st Week", "1st Week", "{983077A6-4D71-4353-8354-FC770AAA4491}"
EndProject
Project("{8BC9CEB8-8B4A-11D0-8D11-00A0C91BC942}") = "Homework_01st_Week_02nd", "Homework_01st_Week_02nd\Homework_01st_Week_02nd.vcxproj", "{22099FC3-B8B3-4F7E-8FD4-AD55B81B49C4}"
EndProject
Project("{8BC9CEB8-8B4A-11D0-8D11-00A0C91BC942}") = "Study_02nd", "Study_02nd\Study_02nd.vcxproj", "{E371F767-A2F7-4BBE-BF16-DD32DBEC38F2}"
EndProject
Project("{2150E333-8FDC-42A3-9474-1A3956D46DE8}") = "2nd Week", "2nd Week", "{43B7D168-B7FB-437E-8DB6-62A3F9449DCC}"
EndProject
Project("{8BC9CEB8-8B4A-11D0-8D11-00A0C91BC942}") = "Homework_02nd_Week_01st", "Homework_02nd_Week_01st\Homework_02nd_Week_01st.vcxproj", "{744F64D0-E19E-4D4C-8A9D-A25C0E110C04}"
EndProject
Project("{8BC9CEB8-8B4A-11D0-8D11-00A0C91BC942}") = "Homework_02nd_Week_02nd", "Homework_02nd_Week_02nd\Homework_02nd_Week_02nd.vcxproj", "{4D6AF0AE-C7DF-4381-9332-12DB5DF5FA29}"
EndProject
Project("{8BC9CEB8-8B4A-11D0-8D11-00A0C91BC942}") = "Homework_02nd_Week_03rd", "Homework_02nd_Week_03rd\Homework_02nd_Week_03rd.vcxproj", "{07A49FD2-4C9D-43F8-BDA5-868DECEE056F}"
EndProject
Project("{8BC9CEB8-8B4A-11D0-8D11-00A0C91BC942}") = "Study_03rd_01_Index", "Study_03rd_01_Index\Study_03rd_01_Index.vcxproj", "{163E9AD5-B639-465D-B5F6-FC38FBF76F1E}"
EndProject
Project("{8BC9CEB8-8B4A-11D0-8D11-00A0C91BC942}") = "Study_03rd_02_Buffers", "Study_03rd_02_Buffers\Study_03rd_02_Buffers.vcxproj", "{41B17959-A274-4E1A-BECF-96C7020B827B}"
EndProject
Project("{2150E333-8FDC-42A3-9474-1A3956D46DE8}") = "3rd Week", "3rd Week", "{7B71A445-CE5B-429A-B9A6-7005299C9A8B}"
EndProject
Project("{8BC9CEB8-8B4A-11D0-8D11-00A0C91BC942}") = "Homework_03rd_Week_01st", "Homework_03rd_Week_01st\Homework_03rd_Week_01st.vcxproj", "{9CB82A28-DD2E-40FB-85D1-8C9AF68FB009}"
EndProject
Project("{8BC9CEB8-8B4A-11D0-8D11-00A0C91BC942}") = "Homework_03rd_Week_02nd", "Homework_03rd_Week_02nd\Homework_03rd_Week_02nd.vcxproj", "{225E2E18-1BFE-4F90-877B-1F719A58A692}"
EndProject
Project("{8BC9CEB8-8B4A-11D0-8D11-00A0C91BC942}") = "Study_04th", "Study_04th\Study_04th.vcxproj", "{F3303C03-2675-4800-AA08-9F1694A421EA}"
EndProject
Project("{2150E333-8FDC-42A3-9474-1A3956D46DE8}") = "4th Week", "4th Week", "{B49E9E40-1146-4BE2-B87E-CE044ED37ADA}"
EndProject
Project("{8BC9CEB8-8B4A-11D0-8D11-00A0C91BC942}") = "Homework_04th_Week_01st", "Homework_04th_Week_01st\Homework_04th_Week_01st.vcxproj", "{341F2E45-BEF6-43B6-BE66-A64103CC387D}"
EndProject
Project("{8BC9CEB8-8B4A-11D0-8D11-00A0C91BC942}") = "Homework_04th_Week_02nd", "Homework_04th_Week_02nd\Homework_04th_Week_02nd.vcxproj", "{7E53DD02-25C2-41B4-9959-8ADBFF687973}"
EndProject
Project("{8BC9CEB8-8B4A-11D0-8D11-00A0C91BC942}") = "Study_05th", "Study_05th\Study_05th.vcxproj", "{4143759A-333C-4B25-A6CC-E904C7BE15CF}"
EndProject
Project("{2150E333-8FDC-42A3-9474-1A3956D46DE8}") = "5th Week", "5th Week", "{43B90524-3B4E-43F8-95F2-E36798ADAB08}"
EndProject
Project("{8BC9CEB8-8B4A-11D0-8D11-00A0C91BC942}") = "Homework_05th_Week_01st", "Homework_05th_Week_01st\Homework_05th_Week_01st.vcxproj", "{F2470A12-0DBF-4735-9DB2-41A56CFB0BF9}"
EndProject
Project("{8BC9CEB8-8B4A-11D0-8D11-00A0C91BC942}") = "Homework_05th_Week_02nd", "Homework_05th_Week_02nd\Homework_05th_Week_02nd.vcxproj", "{F7523E22-29DD-49C5-9AF8-A51FE542BF3C}"
EndProject
Project("{8BC9CEB8-8B4A-11D0-8D11-00A0C91BC942}") = "Study_06th", "Study_06th\Study_06th.vcxproj", "{DEB98359-1317-4F03-B200-F7AD8FDF3142}"
EndProject
Project("{2150E333-8FDC-42A3-9474-1A3956D46DE8}") = "6th Week", "6th Week", "{14207130-AB6F-4828-8FE8-B89F2A00FBC7}"
EndProject
Project("{8BC9CEB8-8B4A-11D0-8D11-00A0C91BC942}") = "Homework_06th_Week_01st", "Homework_06th_Week_01st\Homework_06th_Week_01st.vcxproj", "{F7B1F427-8B55-4864-8EC4-6F5A20406154}"
EndProject
Project("{2150E333-8FDC-42A3-9474-1A3956D46DE8}") = "1st Week", "1st Week", "{FCB35386-470F-463E-ACCC-453D4492ECB7}"
EndProject
Project("{2150E333-8FDC-42A3-9474-1A3956D46DE8}") = "2nd Week", "2nd Week", "{1826602C-5111-40A3-ADE1-A3707FF1D42F}"
EndProject
Project("{2150E333-8FDC-42A3-9474-1A3956D46DE8}") = "3rd Week", "3rd Week", "{ED5D09CE-B5E6-462F-BE45-2C21F51393F0}"
EndProject
Project("{2150E333-8FDC-42A3-9474-1A3956D46DE8}") = "4th Week", "4th Week", "{03667EC6-9258-4DE7-A159-A04CD9EC488F}"
EndProject
Project("{2150E333-8FDC-42A3-9474-1A3956D46DE8}") = "5th Week", "5th Week", "{DEB93FB1-8ED3-4EC0-A629-79B87A1DAFED}"
EndProject
Project("{2150E333-8FDC-42A3-9474-1A3956D46DE8}") = "6th Week", "6th Week", "{ECFE23E1-C940-48D3-96C9-462D6A0F8E65}"
EndProject
Project("{2150E333-8FDC-42A3-9474-1A3956D46DE8}") = "7th Week", "7th Week", "{49329A57-941D-47AA-B84E-DB2D61607E6B}"
EndProject
Project("{8BC9CEB8-8B4A-11D0-8D11-00A0C91BC942}") = "Study_07th_01_Blend", "Study_07th_01_Blend\Study_07th_01_Blend.vcxproj", "{93045FFC-005E-4E1F-8F91-14CE684B95EE}"
EndProject
Project("{8BC9CEB8-8B4A-11D0-8D11-00A0C91BC942}") = "Study_07th_02_Stencil", "Study_07th_02_Stencil\Study_07th_02_Stencil.vcxproj", "{74F867EF-18C7-4B84-ADE4-C5007BC0C2EE}"
EndProject
Project("{2150E333-8FDC-42A3-9474-1A3956D46DE8}") = "7th Week", "7th Week", "{4685D185-BC41-43C9-B1CE-C7A2EA71A303}"
EndProject
Project("{8BC9CEB8-8B4A-11D0-8D11-00A0C91BC942}") = "Homework_07th_Week_01st", "Homework_07th_Week_01st\Homework_07th_Week_01st.vcxproj", "{DA1D12AF-B726-4D84-9C9F-0AB4A49AC5CF}"
EndProject
Project("{8BC9CEB8-8B4A-11D0-8D11-00A0C91BC942}") = "Homework_07th_Week_02nd", "Homework_07th_Week_02nd\Homework_07th_Week_02nd.vcxproj", "{1051C216-7584-4C43-9B6D-1ECEBAB0E88B}"
EndProject
Project("{2150E333-8FDC-42A3-9474-1A3956D46DE8}") = "8th Week", "8th Week", "{71374339-6CB2-4D11-9D5B-7AD5879C77BB}"
EndProject
Project("{8BC9CEB8-8B4A-11D0-8D11-00A0C91BC942}") = "Study_08th", "Study_08th\Study_08th.vcxproj", "{A86C9A71-D3D6-43A7-B9E6-5F884390031A}"
EndProject
Project("{2150E333-8FDC-42A3-9474-1A3956D46DE8}") = "8th Week", "8th Week", "{A906C01D-3333-404D-80AA-EADF16E8017D}"
EndProject
Project("{8BC9CEB8-8B4A-11D0-8D11-00A0C91BC942}") = "Homework_08th_Week_01st", "Homework_08th_Week_01st\Homework_08th_Week_01st.vcxproj", "{C478DFC6-2727-4A6C-AED0-1FD80E49A741}"
EndProject
Project("{2150E333-8FDC-42A3-9474-1A3956D46DE8}") = "9th Week", "9th Week", "{A0759E8E-9E47-45B7-9CF1-727ADB2F2E9D}"
EndProject
Project("{8BC9CEB8-8B4A-11D0-8D11-00A0C91BC942}") = "Study_09th", "Study_09th\Study_09th.vcxproj", "{75E92FCF-E92B-4D12-820B-FB595241584A}"
EndProject
Global
	GlobalSection(SolutionConfigurationPlatforms) = preSolution
		Debug|Win32 = Debug|Win32
		Release|Win32 = Release|Win32
	EndGlobalSection
	GlobalSection(ProjectConfigurationPlatforms) = postSolution
		{76D62030-5F4F-4874-86ED-3C25837D0030}.Debug|Win32.ActiveCfg = Debug|Win32
		{76D62030-5F4F-4874-86ED-3C25837D0030}.Debug|Win32.Build.0 = Debug|Win32
		{76D62030-5F4F-4874-86ED-3C25837D0030}.Release|Win32.ActiveCfg = Release|Win32
		{76D62030-5F4F-4874-86ED-3C25837D0030}.Release|Win32.Build.0 = Release|Win32
		{8D4EB08E-AA62-4312-BB74-1C8821639246}.Debug|Win32.ActiveCfg = Debug|Win32
		{8D4EB08E-AA62-4312-BB74-1C8821639246}.Debug|Win32.Build.0 = Debug|Win32
		{8D4EB08E-AA62-4312-BB74-1C8821639246}.Release|Win32.ActiveCfg = Release|Win32
		{8D4EB08E-AA62-4312-BB74-1C8821639246}.Release|Win32.Build.0 = Release|Win32
		{22099FC3-B8B3-4F7E-8FD4-AD55B81B49C4}.Debug|Win32.ActiveCfg = Debug|Win32
		{22099FC3-B8B3-4F7E-8FD4-AD55B81B49C4}.Debug|Win32.Build.0 = Debug|Win32
		{22099FC3-B8B3-4F7E-8FD4-AD55B81B49C4}.Release|Win32.ActiveCfg = Release|Win32
		{22099FC3-B8B3-4F7E-8FD4-AD55B81B49C4}.Release|Win32.Build.0 = Release|Win32
		{E371F767-A2F7-4BBE-BF16-DD32DBEC38F2}.Debug|Win32.ActiveCfg = Debug|Win32
		{E371F767-A2F7-4BBE-BF16-DD32DBEC38F2}.Debug|Win32.Build.0 = Debug|Win32
		{E371F767-A2F7-4BBE-BF16-DD32DBEC38F2}.Release|Win32.ActiveCfg = Release|Win32
		{E371F767-A2F7-4BBE-BF16-DD32DBEC38F2}.Release|Win32.Build.0 = Release|Win32
		{744F64D0-E19E-4D4C-8A9D-A25C0E110C04}.Debug|Win32.ActiveCfg = Debug|Win32
		{744F64D0-E19E-4D4C-8A9D-A25C0E110C04}.Debug|Win32.Build.0 = Debug|Win32
		{744F64D0-E19E-4D4C-8A9D-A25C0E110C04}.Release|Win32.ActiveCfg = Release|Win32
		{744F64D0-E19E-4D4C-8A9D-A25C0E110C04}.Release|Win32.Build.0 = Release|Win32
		{4D6AF0AE-C7DF-4381-9332-12DB5DF5FA29}.Debug|Win32.ActiveCfg = Debug|Win32
		{4D6AF0AE-C7DF-4381-9332-12DB5DF5FA29}.Debug|Win32.Build.0 = Debug|Win32
		{4D6AF0AE-C7DF-4381-9332-12DB5DF5FA29}.Release|Win32.ActiveCfg = Release|Win32
		{4D6AF0AE-C7DF-4381-9332-12DB5DF5FA29}.Release|Win32.Build.0 = Release|Win32
		{07A49FD2-4C9D-43F8-BDA5-868DECEE056F}.Debug|Win32.ActiveCfg = Debug|Win32
		{07A49FD2-4C9D-43F8-BDA5-868DECEE056F}.Debug|Win32.Build.0 = Debug|Win32
		{07A49FD2-4C9D-43F8-BDA5-868DECEE056F}.Release|Win32.ActiveCfg = Release|Win32
		{07A49FD2-4C9D-43F8-BDA5-868DECEE056F}.Release|Win32.Build.0 = Release|Win32
		{163E9AD5-B639-465D-B5F6-FC38FBF76F1E}.Debug|Win32.ActiveCfg = Debug|Win32
		{163E9AD5-B639-465D-B5F6-FC38FBF76F1E}.Debug|Win32.Build.0 = Debug|Win32
		{163E9AD5-B639-465D-B5F6-FC38FBF76F1E}.Release|Win32.ActiveCfg = Release|Win32
		{163E9AD5-B639-465D-B5F6-FC38FBF76F1E}.Release|Win32.Build.0 = Release|Win32
		{41B17959-A274-4E1A-BECF-96C7020B827B}.Debug|Win32.ActiveCfg = Debug|Win32
		{41B17959-A274-4E1A-BECF-96C7020B827B}.Debug|Win32.Build.0 = Debug|Win32
		{41B17959-A274-4E1A-BECF-96C7020B827B}.Release|Win32.ActiveCfg = Release|Win32
		{41B17959-A274-4E1A-BECF-96C7020B827B}.Release|Win32.Build.0 = Release|Win32
		{9CB82A28-DD2E-40FB-85D1-8C9AF68FB009}.Debug|Win32.ActiveCfg = Debug|Win32
		{9CB82A28-DD2E-40FB-85D1-8C9AF68FB009}.Debug|Win32.Build.0 = Debug|Win32
		{9CB82A28-DD2E-40FB-85D1-8C9AF68FB009}.Release|Win32.ActiveCfg = Release|Win32
		{9CB82A28-DD2E-40FB-85D1-8C9AF68FB009}.Release|Win32.Build.0 = Release|Win32
		{225E2E18-1BFE-4F90-877B-1F719A58A692}.Debug|Win32.ActiveCfg = Debug|Win32
		{225E2E18-1BFE-4F90-877B-1F719A58A692}.Debug|Win32.Build.0 = Debug|Win32
		{225E2E18-1BFE-4F90-877B-1F719A58A692}.Release|Win32.ActiveCfg = Release|Win32
		{225E2E18-1BFE-4F90-877B-1F719A58A692}.Release|Win32.Build.0 = Release|Win32
		{F3303C03-2675-4800-AA08-9F1694A421EA}.Debug|Win32.ActiveCfg = Debug|Win32
		{F3303C03-2675-4800-AA08-9F1694A421EA}.Debug|Win32.Build.0 = Debug|Win32
		{F3303C03-2675-4800-AA08-9F1694A421EA}.Release|Win32.ActiveCfg = Release|Win32
		{F3303C03-2675-4800-AA08-9F1694A421EA}.Release|Win32.Build.0 = Release|Win32
		{341F2E45-BEF6-43B6-BE66-A64103CC387D}.Debug|Win32.ActiveCfg = Debug|Win32
		{341F2E45-BEF6-43B6-BE66-A64103CC387D}.Debug|Win32.Build.0 = Debug|Win32
		{341F2E45-BEF6-43B6-BE66-A64103CC387D}.Release|Win32.ActiveCfg = Release|Win32
		{341F2E45-BEF6-43B6-BE66-A64103CC387D}.Release|Win32.Build.0 = Release|Win32
		{7E53DD02-25C2-41B4-9959-8ADBFF687973}.Debug|Win32.ActiveCfg = Debug|Win32
		{7E53DD02-25C2-41B4-9959-8ADBFF687973}.Debug|Win32.Build.0 = Debug|Win32
		{7E53DD02-25C2-41B4-9959-8ADBFF687973}.Release|Win32.ActiveCfg = Release|Win32
		{7E53DD02-25C2-41B4-9959-8ADBFF687973}.Release|Win32.Build.0 = Release|Win32
		{4143759A-333C-4B25-A6CC-E904C7BE15CF}.Debug|Win32.ActiveCfg = Debug|Win32
		{4143759A-333C-4B25-A6CC-E904C7BE15CF}.Debug|Win32.Build.0 = Debug|Win32
		{4143759A-333C-4B25-A6CC-E904C7BE15CF}.Release|Win32.ActiveCfg = Release|Win32
		{4143759A-333C-4B25-A6CC-E904C7BE15CF}.Release|Win32.Build.0 = Release|Win32
		{F2470A12-0DBF-4735-9DB2-41A56CFB0BF9}.Debug|Win32.ActiveCfg = Debug|Win32
		{F2470A12-0DBF-4735-9DB2-41A56CFB0BF9}.Debug|Win32.Build.0 = Debug|Win32
		{F2470A12-0DBF-4735-9DB2-41A56CFB0BF9}.Release|Win32.ActiveCfg = Release|Win32
		{F2470A12-0DBF-4735-9DB2-41A56CFB0BF9}.Release|Win32.Build.0 = Release|Win32
		{F7523E22-29DD-49C5-9AF8-A51FE542BF3C}.Debug|Win32.ActiveCfg = Debug|Win32
		{F7523E22-29DD-49C5-9AF8-A51FE542BF3C}.Debug|Win32.Build.0 = Debug|Win32
		{F7523E22-29DD-49C5-9AF8-A51FE542BF3C}.Release|Win32.ActiveCfg = Release|Win32
		{F7523E22-29DD-49C5-9AF8-A51FE542BF3C}.Release|Win32.Build.0 = Release|Win32
		{DEB98359-1317-4F03-B200-F7AD8FDF3142}.Debug|Win32.ActiveCfg = Debug|Win32
		{DEB98359-1317-4F03-B200-F7AD8FDF3142}.Debug|Win32.Build.0 = Debug|Win32
		{DEB98359-1317-4F03-B200-F7AD8FDF3142}.Release|Win32.ActiveCfg = Release|Win32
		{DEB98359-1317-4F03-B200-F7AD8FDF3142}.Release|Win32.Build.0 = Release|Win32
		{F7B1F427-8B55-4864-8EC4-6F5A20406154}.Debug|Win32.ActiveCfg = Debug|Win32
		{F7B1F427-8B55-4864-8EC4-6F5A20406154}.Debug|Win32.Build.0 = Debug|Win32
		{F7B1F427-8B55-4864-8EC4-6F5A20406154}.Release|Win32.ActiveCfg = Release|Win32
		{F7B1F427-8B55-4864-8EC4-6F5A20406154}.Release|Win32.Build.0 = Release|Win32
		{93045FFC-005E-4E1F-8F91-14CE684B95EE}.Debug|Win32.ActiveCfg = Debug|Win32
		{93045FFC-005E-4E1F-8F91-14CE684B95EE}.Debug|Win32.Build.0 = Debug|Win32
		{93045FFC-005E-4E1F-8F91-14CE684B95EE}.Release|Win32.ActiveCfg = Release|Win32
		{93045FFC-005E-4E1F-8F91-14CE684B95EE}.Release|Win32.Build.0 = Release|Win32
		{74F867EF-18C7-4B84-ADE4-C5007BC0C2EE}.Debug|Win32.ActiveCfg = Debug|Win32
		{74F867EF-18C7-4B84-ADE4-C5007BC0C2EE}.Debug|Win32.Build.0 = Debug|Win32
		{74F867EF-18C7-4B84-ADE4-C5007BC0C2EE}.Release|Win32.ActiveCfg = Release|Win32
		{74F867EF-18C7-4B84-ADE4-C5007BC0C2EE}.Release|Win32.Build.0 = Release|Win32
		{DA1D12AF-B726-4D84-9C9F-0AB4A49AC5CF}.Debug|Win32.ActiveCfg = Debug|Win32
		{DA1D12AF-B726-4D84-9C9F-0AB4A49AC5CF}.Debug|Win32.Build.0 = Debug|Win32
		{DA1D12AF-B726-4D84-9C9F-0AB4A49AC5CF}.Release|Win32.ActiveCfg = Release|Win32
		{DA1D12AF-B726-4D84-9C9F-0AB4A49AC5CF}.Release|Win32.Build.0 = Release|Win32
		{1051C216-7584-4C43-9B6D-1ECEBAB0E88B}.Debug|Win32.ActiveCfg = Debug|Win32
		{1051C216-7584-4C43-9B6D-1ECEBAB0E88B}.Debug|Win32.Build.0 = Debug|Win32
		{1051C216-7584-4C43-9B6D-1ECEBAB0E88B}.Release|Win32.ActiveCfg = Release|Win32
		{1051C216-7584-4C43-9B6D-1ECEBAB0E88B}.Release|Win32.Build.0 = Release|Win32
		{A86C9A71-D3D6-43A7-B9E6-5F884390031A}.Debug|Win32.ActiveCfg = Debug|Win32
		{A86C9A71-D3D6-43A7-B9E6-5F884390031A}.Debug|Win32.Build.0 = Debug|Win32
		{A86C9A71-D3D6-43A7-B9E6-5F884390031A}.Release|Win32.ActiveCfg = Release|Win32
		{A86C9A71-D3D6-43A7-B9E6-5F884390031A}.Release|Win32.Build.0 = Release|Win32
		{C478DFC6-2727-4A6C-AED0-1FD80E49A741}.Debug|Win32.ActiveCfg = Debug|Win32
		{C478DFC6-2727-4A6C-AED0-1FD80E49A741}.Debug|Win32.Build.0 = Debug|Win32
		{C478DFC6-2727-4A6C-AED0-1FD80E49A741}.Release|Win32.ActiveCfg = Release|Win32
		{C478DFC6-2727-4A6C-AED0-1FD80E49A741}.Release|Win32.Build.0 = Release|Win32
		{75E92FCF-E92B-4D12-820B-FB595241584A}.Debug|Win32.ActiveCfg = Debug|Win32
		{75E92FCF-E92B-4D12-820B-FB595241584A}.Debug|Win32.Build.0 = Debug|Win32
		{75E92FCF-E92B-4D12-820B-FB595241584A}.Release|Win32.ActiveCfg = Release|Win32
		{75E92FCF-E92B-4D12-820B-FB595241584A}.Release|Win32.Build.0 = Release|Win32
	EndGlobalSection
	GlobalSection(SolutionProperties) = preSolution
		HideSolutionNode = FALSE
	EndGlobalSection
	GlobalSection(NestedProjects) = preSolution
		{76D62030-5F4F-4874-86ED-3C25837D0030} = {FCB35386-470F-463E-ACCC-453D4492ECB7}
		{8D4EB08E-AA62-4312-BB74-1C8821639246} = {983077A6-4D71-4353-8354-FC770AAA4491}
		{983077A6-4D71-4353-8354-FC770AAA4491} = {F8433C1A-CA30-4736-9C43-8071A8F7536A}
		{22099FC3-B8B3-4F7E-8FD4-AD55B81B49C4} = {983077A6-4D71-4353-8354-FC770AAA4491}
		{E371F767-A2F7-4BBE-BF16-DD32DBEC38F2} = {1826602C-5111-40A3-ADE1-A3707FF1D42F}
		{43B7D168-B7FB-437E-8DB6-62A3F9449DCC} = {F8433C1A-CA30-4736-9C43-8071A8F7536A}
		{744F64D0-E19E-4D4C-8A9D-A25C0E110C04} = {43B7D168-B7FB-437E-8DB6-62A3F9449DCC}
		{4D6AF0AE-C7DF-4381-9332-12DB5DF5FA29} = {43B7D168-B7FB-437E-8DB6-62A3F9449DCC}
		{07A49FD2-4C9D-43F8-BDA5-868DECEE056F} = {43B7D168-B7FB-437E-8DB6-62A3F9449DCC}
		{163E9AD5-B639-465D-B5F6-FC38FBF76F1E} = {ED5D09CE-B5E6-462F-BE45-2C21F51393F0}
		{41B17959-A274-4E1A-BECF-96C7020B827B} = {ED5D09CE-B5E6-462F-BE45-2C21F51393F0}
		{7B71A445-CE5B-429A-B9A6-7005299C9A8B} = {F8433C1A-CA30-4736-9C43-8071A8F7536A}
		{9CB82A28-DD2E-40FB-85D1-8C9AF68FB009} = {7B71A445-CE5B-429A-B9A6-7005299C9A8B}
		{225E2E18-1BFE-4F90-877B-1F719A58A692} = {7B71A445-CE5B-429A-B9A6-7005299C9A8B}
		{F3303C03-2675-4800-AA08-9F1694A421EA} = {03667EC6-9258-4DE7-A159-A04CD9EC488F}
		{B49E9E40-1146-4BE2-B87E-CE044ED37ADA} = {F8433C1A-CA30-4736-9C43-8071A8F7536A}
		{341F2E45-BEF6-43B6-BE66-A64103CC387D} = {B49E9E40-1146-4BE2-B87E-CE044ED37ADA}
		{7E53DD02-25C2-41B4-9959-8ADBFF687973} = {B49E9E40-1146-4BE2-B87E-CE044ED37ADA}
		{4143759A-333C-4B25-A6CC-E904C7BE15CF} = {DEB93FB1-8ED3-4EC0-A629-79B87A1DAFED}
		{43B90524-3B4E-43F8-95F2-E36798ADAB08} = {F8433C1A-CA30-4736-9C43-8071A8F7536A}
		{F2470A12-0DBF-4735-9DB2-41A56CFB0BF9} = {43B90524-3B4E-43F8-95F2-E36798ADAB08}
		{F7523E22-29DD-49C5-9AF8-A51FE542BF3C} = {43B90524-3B4E-43F8-95F2-E36798ADAB08}
		{DEB98359-1317-4F03-B200-F7AD8FDF3142} = {ECFE23E1-C940-48D3-96C9-462D6A0F8E65}
		{14207130-AB6F-4828-8FE8-B89F2A00FBC7} = {F8433C1A-CA30-4736-9C43-8071A8F7536A}
		{F7B1F427-8B55-4864-8EC4-6F5A20406154} = {14207130-AB6F-4828-8FE8-B89F2A00FBC7}
		{FCB35386-470F-463E-ACCC-453D4492ECB7} = {A919A948-F578-4D32-ADC8-B7BF6EBF1CC8}
		{1826602C-5111-40A3-ADE1-A3707FF1D42F} = {A919A948-F578-4D32-ADC8-B7BF6EBF1CC8}
		{ED5D09CE-B5E6-462F-BE45-2C21F51393F0} = {A919A948-F578-4D32-ADC8-B7BF6EBF1CC8}
		{03667EC6-9258-4DE7-A159-A04CD9EC488F} = {A919A948-F578-4D32-ADC8-B7BF6EBF1CC8}
		{DEB93FB1-8ED3-4EC0-A629-79B87A1DAFED} = {A919A948-F578-4D32-ADC8-B7BF6EBF1CC8}
		{ECFE23E1-C940-48D3-96C9-462D6A0F8E65} = {A919A948-F578-4D32-ADC8-B7BF6EBF1CC8}
		{49329A57-941D-47AA-B84E-DB2D61607E6B} = {A919A948-F578-4D32-ADC8-B7BF6EBF1CC8}
		{93045FFC-005E-4E1F-8F91-14CE684B95EE} = {49329A57-941D-47AA-B84E-DB2D61607E6B}
		{74F867EF-18C7-4B84-ADE4-C5007BC0C2EE} = {49329A57-941D-47AA-B84E-DB2D61607E6B}
		{4685D185-BC41-43C9-B1CE-C7A2EA71A303} = {F8433C1A-CA30-4736-9C43-8071A8F7536A}
		{DA1D12AF-B726-4D84-9C9F-0AB4A49AC5CF} = {4685D185-BC41-43C9-B1CE-C7A2EA71A303}
		{1051C216-7584-4C43-9B6D-1ECEBAB0E88B} = {4685D185-BC41-43C9-B1CE-C7A2EA71A303}
		{71374339-6CB2-4D11-9D5B-7AD5879C77BB} = {A919A948-F578-4D32-ADC8-B7BF6EBF1CC8}
		{A86C9A71-D3D6-43A7-B9E6-5F884390031A} = {71374339-6CB2-4D11-9D5B-7AD5879C77BB}
		{A906C01D-3333-404D-80AA-EADF16E8017D} = {F8433C1A-CA30-4736-9C43-8071A8F7536A}
		{C478DFC6-2727-4A6C-AED0-1FD80E49A741} = {A906C01D-3333-404D-80AA-EADF16E8017D}
		{A0759E8E-9E47-45B7-9CF1-727ADB2F2E9D} = {A919A948-F578-4D32-ADC8-B7BF6EBF1CC8}
		{75E92FCF-E92B-4D12-820B-FB595241584A} = {A0759E8E-9E47-45B7-9CF1-727ADB2F2E9D}
	EndGlobalSection
EndGlobal
